
Microsoft Visual Studio Solution File, Format Version 12.00
# Visual Studio 14
VisualStudioVersion = 14.0.22823.1
MinimumVisualStudioVersion = 10.0.40219.1
Project("{FAE04EC0-301F-11D3-BF4B-00C04F79EFBC}") = "Server", "Server\Server.csproj", "{F7B66120-6E77-41DC-9296-5FA352C1DE56}"
EndProject
Project("{FAE04EC0-301F-11D3-BF4B-00C04F79EFBC}") = "Client", "Client\Client.csproj", "{F1AC5E3F-B888-4B63-AA15-E7BB66DA9BAA}"
EndProject
Global
	GlobalSection(SolutionConfigurationPlatforms) = preSolution
		Debug|Any CPU = Debug|Any CPU
		Release|Any CPU = Release|Any CPU
	EndGlobalSection
	GlobalSection(ProjectConfigurationPlatforms) = postSolution
		{F7B66120-6E77-41DC-9296-5FA352C1DE56}.Debug|Any CPU.ActiveCfg = Debug|Any CPU
		{F7B66120-6E77-41DC-9296-5FA352C1DE56}.Debug|Any CPU.Build.0 = Debug|Any CPU
		{F7B66120-6E77-41DC-9296-5FA352C1DE56}.Release|Any CPU.ActiveCfg = Release|Any CPU
		{F7B66120-6E77-41DC-9296-5FA352C1DE56}.Release|Any CPU.Build.0 = Release|Any CPU
		{F1AC5E3F-B888-4B63-AA15-E7BB66DA9BAA}.Debug|Any CPU.ActiveCfg = Debug|Any CPU
		{F1AC5E3F-B888-4B63-AA15-E7BB66DA9BAA}.Debug|Any CPU.Build.0 = Debug|Any CPU
		{F1AC5E3F-B888-4B63-AA15-E7BB66DA9BAA}.Release|Any CPU.ActiveCfg = Release|Any CPU
		{F1AC5E3F-B888-4B63-AA15-E7BB66DA9BAA}.Release|Any CPU.Build.0 = Release|Any CPU
	EndGlobalSection
	GlobalSection(SolutionProperties) = preSolution
		HideSolutionNode = FALSE
	EndGlobalSection
EndGlobal
