
Microsoft Visual Studio Solution File, Format Version 12.00
# Visual Studio 2012
Project("{FAE04EC0-301F-11D3-BF4B-00C04F79EFBC}") = "tcp-listener", "tcp-listener\tcp-listener.csproj", "{C4087ECA-0F86-4A42-9163-99EBCF52A3D1}"
EndProject
Project("{FAE04EC0-301F-11D3-BF4B-00C04F79EFBC}") = "tcp-client", "tcp-client\tcp-client.csproj", "{ED4DCFDA-0EF5-43C1-8128-E2826E54B9D9}"
EndProject
Project("{FAE04EC0-301F-11D3-BF4B-00C04F79EFBC}") = "smtp-client-demo", "smtp-client-demo\smtp-client-demo.csproj", "{3EB5A40F-EE46-4868-8121-24DD62AFFF15}"
EndProject
Project("{FAE04EC0-301F-11D3-BF4B-00C04F79EFBC}") = "trace-demo", "trace-demo\trace-demo.csproj", "{A3F0EB6E-C269-4C2A-9ECD-1CCDE182BAFD}"
EndProject
Project("{FAE04EC0-301F-11D3-BF4B-00C04F79EFBC}") = "log4net", "log4net\log4net.csproj", "{C4D42F2E-F9FE-4F9B-943D-75DFB98B4D99}"
EndProject
Project("{FAE04EC0-301F-11D3-BF4B-00C04F79EFBC}") = "echo-service", "echo-service\echo-service.csproj", "{CF9CE8A4-009C-4592-A44C-CFFDFFAD5976}"
EndProject
Project("{FAE04EC0-301F-11D3-BF4B-00C04F79EFBC}") = "echo-service-log-console", "echo-service-log-console\echo-service-log-console.csproj", "{627B495C-62A2-42A2-80C7-B5C01748ABBC}"
EndProject
Project("{FAE04EC0-301F-11D3-BF4B-00C04F79EFBC}") = "DogeXplorer", "DogeXplorer\DogeXplorer.csproj", "{5E6F8678-2C3F-4969-86F6-A22DFAD7E25F}"
EndProject
Global
	GlobalSection(SolutionConfigurationPlatforms) = preSolution
		Debug|Any CPU = Debug|Any CPU
		Release|Any CPU = Release|Any CPU
	EndGlobalSection
	GlobalSection(ProjectConfigurationPlatforms) = postSolution
		{C4087ECA-0F86-4A42-9163-99EBCF52A3D1}.Debug|Any CPU.ActiveCfg = Debug|Any CPU
		{C4087ECA-0F86-4A42-9163-99EBCF52A3D1}.Debug|Any CPU.Build.0 = Debug|Any CPU
		{C4087ECA-0F86-4A42-9163-99EBCF52A3D1}.Release|Any CPU.ActiveCfg = Release|Any CPU
		{C4087ECA-0F86-4A42-9163-99EBCF52A3D1}.Release|Any CPU.Build.0 = Release|Any CPU
		{ED4DCFDA-0EF5-43C1-8128-E2826E54B9D9}.Debug|Any CPU.ActiveCfg = Debug|Any CPU
		{ED4DCFDA-0EF5-43C1-8128-E2826E54B9D9}.Debug|Any CPU.Build.0 = Debug|Any CPU
		{ED4DCFDA-0EF5-43C1-8128-E2826E54B9D9}.Release|Any CPU.ActiveCfg = Release|Any CPU
		{ED4DCFDA-0EF5-43C1-8128-E2826E54B9D9}.Release|Any CPU.Build.0 = Release|Any CPU
		{3EB5A40F-EE46-4868-8121-24DD62AFFF15}.Debug|Any CPU.ActiveCfg = Debug|Any CPU
		{3EB5A40F-EE46-4868-8121-24DD62AFFF15}.Debug|Any CPU.Build.0 = Debug|Any CPU
		{3EB5A40F-EE46-4868-8121-24DD62AFFF15}.Release|Any CPU.ActiveCfg = Release|Any CPU
		{3EB5A40F-EE46-4868-8121-24DD62AFFF15}.Release|Any CPU.Build.0 = Release|Any CPU
		{A3F0EB6E-C269-4C2A-9ECD-1CCDE182BAFD}.Debug|Any CPU.ActiveCfg = Debug|Any CPU
		{A3F0EB6E-C269-4C2A-9ECD-1CCDE182BAFD}.Debug|Any CPU.Build.0 = Debug|Any CPU
		{A3F0EB6E-C269-4C2A-9ECD-1CCDE182BAFD}.Release|Any CPU.ActiveCfg = Release|Any CPU
		{A3F0EB6E-C269-4C2A-9ECD-1CCDE182BAFD}.Release|Any CPU.Build.0 = Release|Any CPU
		{C4D42F2E-F9FE-4F9B-943D-75DFB98B4D99}.Debug|Any CPU.ActiveCfg = Debug|Any CPU
		{C4D42F2E-F9FE-4F9B-943D-75DFB98B4D99}.Debug|Any CPU.Build.0 = Debug|Any CPU
		{C4D42F2E-F9FE-4F9B-943D-75DFB98B4D99}.Release|Any CPU.ActiveCfg = Release|Any CPU
		{C4D42F2E-F9FE-4F9B-943D-75DFB98B4D99}.Release|Any CPU.Build.0 = Release|Any CPU
		{CF9CE8A4-009C-4592-A44C-CFFDFFAD5976}.Debug|Any CPU.ActiveCfg = Debug|Any CPU
		{CF9CE8A4-009C-4592-A44C-CFFDFFAD5976}.Debug|Any CPU.Build.0 = Debug|Any CPU
		{CF9CE8A4-009C-4592-A44C-CFFDFFAD5976}.Release|Any CPU.ActiveCfg = Release|Any CPU
		{CF9CE8A4-009C-4592-A44C-CFFDFFAD5976}.Release|Any CPU.Build.0 = Release|Any CPU
		{627B495C-62A2-42A2-80C7-B5C01748ABBC}.Debug|Any CPU.ActiveCfg = Debug|Any CPU
		{627B495C-62A2-42A2-80C7-B5C01748ABBC}.Debug|Any CPU.Build.0 = Debug|Any CPU
		{627B495C-62A2-42A2-80C7-B5C01748ABBC}.Release|Any CPU.ActiveCfg = Release|Any CPU
		{627B495C-62A2-42A2-80C7-B5C01748ABBC}.Release|Any CPU.Build.0 = Release|Any CPU
		{5E6F8678-2C3F-4969-86F6-A22DFAD7E25F}.Debug|Any CPU.ActiveCfg = Debug|Any CPU
		{5E6F8678-2C3F-4969-86F6-A22DFAD7E25F}.Debug|Any CPU.Build.0 = Debug|Any CPU
		{5E6F8678-2C3F-4969-86F6-A22DFAD7E25F}.Release|Any CPU.ActiveCfg = Release|Any CPU
		{5E6F8678-2C3F-4969-86F6-A22DFAD7E25F}.Release|Any CPU.Build.0 = Release|Any CPU
	EndGlobalSection
	GlobalSection(SolutionProperties) = preSolution
		HideSolutionNode = FALSE
	EndGlobalSection
EndGlobal
