
Microsoft Visual Studio Solution File, Format Version 12.00
# Visual Studio 2012
Project("{FAE04EC0-301F-11D3-BF4B-00C04F79EFBC}") = "wpf-commands", "wpf-commands.csproj", "{78307FC9-4592-4037-8F97-FE2165696A5C}"
EndProject
Global
	GlobalSection(SolutionConfigurationPlatforms) = preSolution
		Debug|Any CPU = Debug|Any CPU
		Release|Any CPU = Release|Any CPU
	EndGlobalSection
	GlobalSection(ProjectConfigurationPlatforms) = postSolution
		{78307FC9-4592-4037-8F97-FE2165696A5C}.Debug|Any CPU.ActiveCfg = Debug|Any CPU
		{78307FC9-4592-4037-8F97-FE2165696A5C}.Debug|Any CPU.Build.0 = Debug|Any CPU
		{78307FC9-4592-4037-8F97-FE2165696A5C}.Release|Any CPU.ActiveCfg = Release|Any CPU
		{78307FC9-4592-4037-8F97-FE2165696A5C}.Release|Any CPU.Build.0 = Release|Any CPU
	EndGlobalSection
	GlobalSection(SolutionProperties) = preSolution
		HideSolutionNode = FALSE
	EndGlobalSection
EndGlobal
